// !$*UTF8*$!
{
	archiveVersion = 1;
	classes = {
	};
	objectVersion = 70;
	objects = {

/* Begin PBXBuildFile section */
		1328C2842BC6E8FD003C4B3A /* image.cpp in Sources */ = {isa = PBXBuildFile; fileRef = 1328C2832BC6E355003C4B3A /* image.cpp */; };
		1395B1D92D72613E002B28CF /* calctype.cpp in Sources */ = {isa = PBXBuildFile; fileRef = 1395B1D82D72613E002B28CF /* calctype.cpp */; };
		13CDCDB02D4910130005D2EA /* bmp.cpp in Sources */ = {isa = PBXBuildFile; fileRef = 13CDCDAD2D4910130005D2EA /* bmp.cpp */; };
		13CDCDB12D4910130005D2EA /* pbm.cpp in Sources */ = {isa = PBXBuildFile; fileRef = 13CDCDAF2D4910130005D2EA /* pbm.cpp */; };
		13CDF1A22D4C20AC0005D2EA /* png.cpp in Sources */ = {isa = PBXBuildFile; fileRef = 13CDF1A12D4C20AC0005D2EA /* png.cpp */; };
		13CDF1CF2D4EA5EF0005D2EA /* delta.cpp in Sources */ = {isa = PBXBuildFile; fileRef = 13CDF1CE2D4EA5EF0005D2EA /* delta.cpp */; };
		13CDF2582D56502E0005D2EA /* hpprgm.cpp in Sources */ = {isa = PBXBuildFile; fileRef = 13CDF2572D56502E0005D2EA /* hpprgm.cpp */; };
		13CDF25B2D5657360005D2EA /* common.cpp in Sources */ = {isa = PBXBuildFile; fileRef = 13CDF25A2D5657360005D2EA /* common.cpp */; };
		13CDF26D2D569FD60005D2EA /* libpng.a in Frameworks */ = {isa = PBXBuildFile; fileRef = 13CDF21D2D5309530005D2EA /* libpng.a */; };
		13CDF26E2D569FE50005D2EA /* libz.a in Frameworks */ = {isa = PBXBuildFile; fileRef = 13CDF2262D5309530005D2EA /* libz.a */; };
		13D0DCC12D75438C00595D10 /* graphics.cpp in Sources */ = {isa = PBXBuildFile; fileRef = 13D0DCC02D75438C00595D10 /* graphics.cpp */; };
		13D0DCC42D754A3D00595D10 /* font.cpp in Sources */ = {isa = PBXBuildFile; fileRef = 13D0DCC32D754A3D00595D10 /* font.cpp */; };
		13D0DCC82D7903E600595D10 /* sub-pixel.cpp in Sources */ = {isa = PBXBuildFile; fileRef = 13D0DCC72D7903E600595D10 /* sub-pixel.cpp */; };
		84764229189579CD00AFBE9C /* main.cpp in Sources */ = {isa = PBXBuildFile; fileRef = 84764228189579CD00AFBE9C /* main.cpp */; };
/* End PBXBuildFile section */

/* Begin PBXCopyFilesBuildPhase section */
		84764223189579CD00AFBE9C /* CopyFiles */ = {
			isa = PBXCopyFilesBuildPhase;
			buildActionMask = 2147483647;
			dstPath = /usr/share/man/man1/;
			dstSubfolderSpec = 0;
			files = (
			);
			runOnlyForDeploymentPostprocessing = 1;
		};
/* End PBXCopyFilesBuildPhase section */

/* Begin PBXFileReference section */
		13148B602D42B5E800849C73 /* version.txt */ = {isa = PBXFileReference; lastKnownFileType = text; path = version.txt; sourceTree = "<group>"; };
		13148B612D42B69200849C73 /* version_code.h */ = {isa = PBXFileReference; lastKnownFileType = sourcecode.c.h; path = version_code.h; sourceTree = "<group>"; };
		1328C2822BC6E355003C4B3A /* image.hpp */ = {isa = PBXFileReference; lastKnownFileType = sourcecode.cpp.h; path = image.hpp; sourceTree = "<group>"; };
		1328C2832BC6E355003C4B3A /* image.cpp */ = {isa = PBXFileReference; lastKnownFileType = sourcecode.cpp.cpp; path = image.cpp; sourceTree = "<group>"; };
		1328C2962BCB4908003C4B3A /* README.md */ = {isa = PBXFileReference; lastKnownFileType = net.daringfireball.markdown; path = README.md; sourceTree = "<group>"; };
		1328C2972BCB4910003C4B3A /* Makefile */ = {isa = PBXFileReference; lastKnownFileType = sourcecode.make; path = Makefile; sourceTree = "<group>"; };
		138F54D32C977594009357F9 /* LICENSE.md */ = {isa = PBXFileReference; lastKnownFileType = net.daringfireball.markdown; path = LICENSE.md; sourceTree = "<group>"; };
		1395B1D72D72613E002B28CF /* calctype.hpp */ = {isa = PBXFileReference; lastKnownFileType = sourcecode.cpp.h; path = calctype.hpp; sourceTree = "<group>"; };
		1395B1D82D72613E002B28CF /* calctype.cpp */ = {isa = PBXFileReference; lastKnownFileType = sourcecode.cpp.cpp; path = calctype.cpp; sourceTree = "<group>"; };
		13CDCDAC2D4910130005D2EA /* bmp.hpp */ = {isa = PBXFileReference; lastKnownFileType = sourcecode.cpp.h; path = bmp.hpp; sourceTree = "<group>"; };
		13CDCDAD2D4910130005D2EA /* bmp.cpp */ = {isa = PBXFileReference; lastKnownFileType = sourcecode.cpp.cpp; path = bmp.cpp; sourceTree = "<group>"; };
		13CDCDAE2D4910130005D2EA /* pbm.hpp */ = {isa = PBXFileReference; lastKnownFileType = sourcecode.cpp.h; path = pbm.hpp; sourceTree = "<group>"; };
		13CDCDAF2D4910130005D2EA /* pbm.cpp */ = {isa = PBXFileReference; lastKnownFileType = sourcecode.cpp.cpp; path = pbm.cpp; sourceTree = "<group>"; };
		13CDCDD42D49500D0005D2EA /* font.hpp */ = {isa = PBXFileReference; lastKnownFileType = sourcecode.cpp.h; path = font.hpp; sourceTree = "<group>"; };
		13CDF1A02D4C20AC0005D2EA /* png.hpp */ = {isa = PBXFileReference; lastKnownFileType = sourcecode.cpp.h; path = png.hpp; sourceTree = "<group>"; };
		13CDF1A12D4C20AC0005D2EA /* png.cpp */ = {isa = PBXFileReference; lastKnownFileType = sourcecode.cpp.cpp; path = png.cpp; sourceTree = "<group>"; };
		13CDF1CD2D4EA5EF0005D2EA /* delta.hpp */ = {isa = PBXFileReference; lastKnownFileType = sourcecode.cpp.h; path = delta.hpp; sourceTree = "<group>"; };
		13CDF1CE2D4EA5EF0005D2EA /* delta.cpp */ = {isa = PBXFileReference; lastKnownFileType = sourcecode.cpp.cpp; path = delta.cpp; sourceTree = "<group>"; };
		13CDF2172D5309530005D2EA /* png.h */ = {isa = PBXFileReference; lastKnownFileType = sourcecode.c.h; path = png.h; sourceTree = "<group>"; };
		13CDF2182D5309530005D2EA /* pngconf.h */ = {isa = PBXFileReference; lastKnownFileType = sourcecode.c.h; path = pngconf.h; sourceTree = "<group>"; };
		13CDF2192D5309530005D2EA /* pnglibconf.h */ = {isa = PBXFileReference; lastKnownFileType = sourcecode.c.h; path = pnglibconf.h; sourceTree = "<group>"; };
		13CDF21B2D5309530005D2EA /* libpng.a */ = {isa = PBXFileReference; lastKnownFileType = archive.ar; path = libpng.a; sourceTree = "<group>"; };
		13CDF21D2D5309530005D2EA /* libpng.a */ = {isa = PBXFileReference; lastKnownFileType = archive.ar; path = libpng.a; sourceTree = "<group>"; };
		13CDF2212D5309530005D2EA /* zconf.h */ = {isa = PBXFileReference; lastKnownFileType = sourcecode.c.h; path = zconf.h; sourceTree = "<group>"; };
		13CDF2222D5309530005D2EA /* zlib.h */ = {isa = PBXFileReference; lastKnownFileType = sourcecode.c.h; path = zlib.h; sourceTree = "<group>"; };
		13CDF2242D5309530005D2EA /* libz.a */ = {isa = PBXFileReference; lastKnownFileType = archive.ar; path = libz.a; sourceTree = "<group>"; };
		13CDF2262D5309530005D2EA /* libz.a */ = {isa = PBXFileReference; lastKnownFileType = archive.ar; path = libz.a; sourceTree = "<group>"; };
		13CDF22E2D53096F0005D2EA /* libpng.a */ = {isa = PBXFileReference; lastKnownFileType = archive.ar; path = libpng.a; sourceTree = "<group>"; };
		13CDF2302D53098A0005D2EA /* libz.a */ = {isa = PBXFileReference; lastKnownFileType = archive.ar; path = libz.a; sourceTree = "<group>"; };
		13CDF2512D5580970005D2EA /* graphics.hpp */ = {isa = PBXFileReference; lastKnownFileType = sourcecode.cpp.h; path = graphics.hpp; sourceTree = "<group>"; };
		13CDF2562D56502E0005D2EA /* hpprgm.hpp */ = {isa = PBXFileReference; lastKnownFileType = sourcecode.cpp.h; path = hpprgm.hpp; sourceTree = "<group>"; };
		13CDF2572D56502E0005D2EA /* hpprgm.cpp */ = {isa = PBXFileReference; lastKnownFileType = sourcecode.cpp.cpp; path = hpprgm.cpp; sourceTree = "<group>"; };
		13CDF2592D5657360005D2EA /* common.hpp */ = {isa = PBXFileReference; lastKnownFileType = sourcecode.cpp.h; path = common.hpp; sourceTree = "<group>"; };
		13CDF25A2D5657360005D2EA /* common.cpp */ = {isa = PBXFileReference; lastKnownFileType = sourcecode.cpp.cpp; path = common.cpp; sourceTree = "<group>"; };
		13D0DCBF2D753F7300595D10 /* HD44780.h */ = {isa = PBXFileReference; lastKnownFileType = sourcecode.c.h; path = HD44780.h; sourceTree = "<group>"; };
		13D0DCC02D75438C00595D10 /* graphics.cpp */ = {isa = PBXFileReference; lastKnownFileType = sourcecode.cpp.cpp; path = graphics.cpp; sourceTree = "<group>"; };
		13D0DCC32D754A3D00595D10 /* font.cpp */ = {isa = PBXFileReference; lastKnownFileType = sourcecode.cpp.cpp; path = font.cpp; sourceTree = "<group>"; };
		13D0DCC52D78E54E00595D10 /* result.bmp */ = {isa = PBXFileReference; lastKnownFileType = image.bmp; name = result.bmp; path = assets/result.bmp; sourceTree = "<group>"; };
		13D0DCC62D7903E600595D10 /* sub-pixel.hpp */ = {isa = PBXFileReference; lastKnownFileType = sourcecode.cpp.h; path = "sub-pixel.hpp"; sourceTree = "<group>"; };
		13D0DCC72D7903E600595D10 /* sub-pixel.cpp */ = {isa = PBXFileReference; lastKnownFileType = sourcecode.cpp.cpp; path = "sub-pixel.cpp"; sourceTree = "<group>"; };
		84764225189579CD00AFBE9C /* piXfont */ = {isa = PBXFileReference; explicitFileType = "compiled.mach-o.executable"; includeInIndex = 0; path = piXfont; sourceTree = BUILT_PRODUCTS_DIR; };
		84764228189579CD00AFBE9C /* main.cpp */ = {isa = PBXFileReference; lastKnownFileType = sourcecode.cpp.cpp; path = main.cpp; sourceTree = "<group>"; };
/* End PBXFileReference section */

/* Begin PBXFileSystemSynchronizedRootGroup section */
		13CDF24E2D53B70B0005D2EA /* fonts */ = {isa = PBXFileSystemSynchronizedRootGroup; explicitFileTypes = {}; explicitFolders = (); name = fonts; path = assets/fonts; sourceTree = "<group>"; };
/* End PBXFileSystemSynchronizedRootGroup section */

/* Begin PBXFrameworksBuildPhase section */
		84764222189579CD00AFBE9C /* Frameworks */ = {
			isa = PBXFrameworksBuildPhase;
			buildActionMask = 2147483647;
			files = (
				13CDF26E2D569FE50005D2EA /* libz.a in Frameworks */,
				13CDF26D2D569FD60005D2EA /* libpng.a in Frameworks */,
			);
			runOnlyForDeploymentPostprocessing = 0;
		};
/* End PBXFrameworksBuildPhase section */

/* Begin PBXGroup section */
		13CDF1AF2D4C2FD10005D2EA /* Frameworks */ = {
			isa = PBXGroup;
			children = (
				13CDF22E2D53096F0005D2EA /* libpng.a */,
				13CDF2302D53098A0005D2EA /* libz.a */,
			);
			name = Frameworks;
			sourceTree = "<group>";
		};
		13CDF21A2D5309530005D2EA /* include */ = {
			isa = PBXGroup;
			children = (
				13CDF2172D5309530005D2EA /* png.h */,
				13CDF2182D5309530005D2EA /* pngconf.h */,
				13CDF2192D5309530005D2EA /* pnglibconf.h */,
			);
			path = include;
			sourceTree = "<group>";
		};
		13CDF21C2D5309530005D2EA /* arm64 */ = {
			isa = PBXGroup;
			children = (
				13CDF21B2D5309530005D2EA /* libpng.a */,
			);
			path = arm64;
			sourceTree = "<group>";
		};
		13CDF21E2D5309530005D2EA /* x86_64 */ = {
			isa = PBXGroup;
			children = (
				13CDF21D2D5309530005D2EA /* libpng.a */,
			);
			path = x86_64;
			sourceTree = "<group>";
		};
		13CDF21F2D5309530005D2EA /* lib */ = {
			isa = PBXGroup;
			children = (
				13CDF21C2D5309530005D2EA /* arm64 */,
				13CDF21E2D5309530005D2EA /* x86_64 */,
			);
			path = lib;
			sourceTree = "<group>";
		};
		13CDF2202D5309530005D2EA /* libpng */ = {
			isa = PBXGroup;
			children = (
				13CDF21A2D5309530005D2EA /* include */,
				13CDF21F2D5309530005D2EA /* lib */,
			);
			path = libpng;
			sourceTree = "<group>";
		};
		13CDF2232D5309530005D2EA /* include */ = {
			isa = PBXGroup;
			children = (
				13CDF2212D5309530005D2EA /* zconf.h */,
				13CDF2222D5309530005D2EA /* zlib.h */,
			);
			path = include;
			sourceTree = "<group>";
		};
		13CDF2252D5309530005D2EA /* arm64 */ = {
			isa = PBXGroup;
			children = (
				13CDF2242D5309530005D2EA /* libz.a */,
			);
			path = arm64;
			sourceTree = "<group>";
		};
		13CDF2272D5309530005D2EA /* x86_64 */ = {
			isa = PBXGroup;
			children = (
				13CDF2262D5309530005D2EA /* libz.a */,
			);
			path = x86_64;
			sourceTree = "<group>";
		};
		13CDF2282D5309530005D2EA /* lib */ = {
			isa = PBXGroup;
			children = (
				13CDF2252D5309530005D2EA /* arm64 */,
				13CDF2272D5309530005D2EA /* x86_64 */,
			);
			path = lib;
			sourceTree = "<group>";
		};
		13CDF2292D5309530005D2EA /* libz */ = {
			isa = PBXGroup;
			children = (
				13CDF2232D5309530005D2EA /* include */,
				13CDF2282D5309530005D2EA /* lib */,
			);
			path = libz;
			sourceTree = "<group>";
		};
		8476421C189579CD00AFBE9C = {
			isa = PBXGroup;
			children = (
				138F54D32C977594009357F9 /* LICENSE.md */,
				1328C2962BCB4908003C4B3A /* README.md */,
				13148B602D42B5E800849C73 /* version.txt */,
				1328C2972BCB4910003C4B3A /* Makefile */,
				13D0DCC52D78E54E00595D10 /* result.bmp */,
				13CDF24E2D53B70B0005D2EA /* fonts */,
				84764227189579CD00AFBE9C /* src */,
				13CDF1AF2D4C2FD10005D2EA /* Frameworks */,
				84764226189579CD00AFBE9C /* Products */,
			);
			sourceTree = "<group>";
		};
		84764226189579CD00AFBE9C /* Products */ = {
			isa = PBXGroup;
			children = (
				84764225189579CD00AFBE9C /* piXfont */,
			);
			name = Products;
			sourceTree = "<group>";
		};
		84764227189579CD00AFBE9C /* src */ = {
			isa = PBXGroup;
			children = (
				13CDF2202D5309530005D2EA /* libpng */,
				13CDF2292D5309530005D2EA /* libz */,
				13148B612D42B69200849C73 /* version_code.h */,
				13D0DCBF2D753F7300595D10 /* HD44780.h */,
				13D0DCC62D7903E600595D10 /* sub-pixel.hpp */,
				13D0DCC72D7903E600595D10 /* sub-pixel.cpp */,
				84764228189579CD00AFBE9C /* main.cpp */,
				13CDCDAC2D4910130005D2EA /* bmp.hpp */,
				13CDCDAD2D4910130005D2EA /* bmp.cpp */,
				13CDCDAE2D4910130005D2EA /* pbm.hpp */,
				13CDCDAF2D4910130005D2EA /* pbm.cpp */,
				1328C2822BC6E355003C4B3A /* image.hpp */,
				1328C2832BC6E355003C4B3A /* image.cpp */,
				13CDCDD42D49500D0005D2EA /* font.hpp */,
				13D0DCC32D754A3D00595D10 /* font.cpp */,
				13CDF1A02D4C20AC0005D2EA /* png.hpp */,
				13CDF1A12D4C20AC0005D2EA /* png.cpp */,
				13CDF1CD2D4EA5EF0005D2EA /* delta.hpp */,
				13CDF1CE2D4EA5EF0005D2EA /* delta.cpp */,
				13CDF2512D5580970005D2EA /* graphics.hpp */,
				13D0DCC02D75438C00595D10 /* graphics.cpp */,
				13CDF2562D56502E0005D2EA /* hpprgm.hpp */,
				13CDF2572D56502E0005D2EA /* hpprgm.cpp */,
				13CDF2592D5657360005D2EA /* common.hpp */,
				13CDF25A2D5657360005D2EA /* common.cpp */,
				1395B1D72D72613E002B28CF /* calctype.hpp */,
				1395B1D82D72613E002B28CF /* calctype.cpp */,
			);
			path = src;
			sourceTree = "<group>";
		};
/* End PBXGroup section */

/* Begin PBXNativeTarget section */
		84764224189579CD00AFBE9C /* piXfont */ = {
			isa = PBXNativeTarget;
			buildConfigurationList = 8476422E189579CD00AFBE9C /* Build configuration list for PBXNativeTarget "piXfont" */;
			buildPhases = (
				1328C28A2BC83B5A003C4B3A /* ShellScript */,
				84764221189579CD00AFBE9C /* Sources */,
				84764222189579CD00AFBE9C /* Frameworks */,
				84764223189579CD00AFBE9C /* CopyFiles */,
			);
			buildRules = (
			);
			dependencies = (
			);
			name = piXfont;
			productName = neo2raw;
			productReference = 84764225189579CD00AFBE9C /* piXfont */;
			productType = "com.apple.product-type.tool";
		};
/* End PBXNativeTarget section */

/* Begin PBXProject section */
		8476421D189579CD00AFBE9C /* Project object */ = {
			isa = PBXProject;
			attributes = {
				BuildIndependentTargetsInParallel = YES;
				LastUpgradeCheck = 1620;
				ORGANIZATIONNAME = Insoft;
			};
			buildConfigurationList = 84764220189579CD00AFBE9C /* Build configuration list for PBXProject "piXfont" */;
			compatibilityVersion = "Xcode 3.2";
			developmentRegion = en;
			hasScannedForEncodings = 0;
			knownRegions = (
				en,
				Base,
			);
			mainGroup = 8476421C189579CD00AFBE9C;
			productRefGroup = 84764226189579CD00AFBE9C /* Products */;
			projectDirPath = "";
			projectRoot = "";
			targets = (
				84764224189579CD00AFBE9C /* piXfont */,
			);
		};
/* End PBXProject section */

/* Begin PBXShellScriptBuildPhase section */
		1328C28A2BC83B5A003C4B3A /* ShellScript */ = {
			isa = PBXShellScriptBuildPhase;
			buildActionMask = 8;
			files = (
			);
			inputFileListPaths = (
			);
			inputPaths = (
			);
			outputFileListPaths = (
			);
			outputPaths = (
			);
			runOnlyForDeploymentPostprocessing = 1;
			shellPath = /bin/sh;
			shellScript = "./version_code\n";
		};
/* End PBXShellScriptBuildPhase section */

/* Begin PBXSourcesBuildPhase section */
		84764221189579CD00AFBE9C /* Sources */ = {
			isa = PBXSourcesBuildPhase;
			buildActionMask = 2147483647;
			files = (
				84764229189579CD00AFBE9C /* main.cpp in Sources */,
				13CDCDB02D4910130005D2EA /* bmp.cpp in Sources */,
				1395B1D92D72613E002B28CF /* calctype.cpp in Sources */,
				13D0DCC82D7903E600595D10 /* sub-pixel.cpp in Sources */,
				13CDCDB12D4910130005D2EA /* pbm.cpp in Sources */,
				13D0DCC42D754A3D00595D10 /* font.cpp in Sources */,
				13D0DCC12D75438C00595D10 /* graphics.cpp in Sources */,
				1328C2842BC6E8FD003C4B3A /* image.cpp in Sources */,
				13CDF25B2D5657360005D2EA /* common.cpp in Sources */,
				13CDF1CF2D4EA5EF0005D2EA /* delta.cpp in Sources */,
				13CDF1A22D4C20AC0005D2EA /* png.cpp in Sources */,
				13CDF2582D56502E0005D2EA /* hpprgm.cpp in Sources */,
			);
			runOnlyForDeploymentPostprocessing = 0;
		};
/* End PBXSourcesBuildPhase section */

/* Begin XCBuildConfiguration section */
		8476422C189579CD00AFBE9C /* Debug */ = {
			isa = XCBuildConfiguration;
			buildSettings = {
				ALWAYS_SEARCH_USER_PATHS = NO;
				CLANG_CXX_LANGUAGE_STANDARD = "gnu++0x";
				CLANG_CXX_LIBRARY = "libc++";
				CLANG_ENABLE_OBJC_ARC = YES;
				CLANG_WARN_BLOCK_CAPTURE_AUTORELEASING = YES;
				CLANG_WARN_BOOL_CONVERSION = YES;
				CLANG_WARN_COMMA = YES;
				CLANG_WARN_CONSTANT_CONVERSION = YES;
				CLANG_WARN_DEPRECATED_OBJC_IMPLEMENTATIONS = YES;
				CLANG_WARN_DIRECT_OBJC_ISA_USAGE = YES_ERROR;
				CLANG_WARN_EMPTY_BODY = YES;
				CLANG_WARN_ENUM_CONVERSION = YES;
				CLANG_WARN_INFINITE_RECURSION = YES;
				CLANG_WARN_INT_CONVERSION = YES;
				CLANG_WARN_NON_LITERAL_NULL_CONVERSION = YES;
				CLANG_WARN_OBJC_IMPLICIT_RETAIN_SELF = YES;
				CLANG_WARN_OBJC_LITERAL_CONVERSION = YES;
				CLANG_WARN_OBJC_ROOT_CLASS = YES_ERROR;
				CLANG_WARN_QUOTED_INCLUDE_IN_FRAMEWORK_HEADER = YES;
				CLANG_WARN_RANGE_LOOP_ANALYSIS = YES;
				CLANG_WARN_STRICT_PROTOTYPES = YES;
				CLANG_WARN_SUSPICIOUS_MOVE = YES;
				CLANG_WARN_UNREACHABLE_CODE = YES;
				CLANG_WARN__DUPLICATE_METHOD_MATCH = YES;
				COPY_PHASE_STRIP = NO;
				DEAD_CODE_STRIPPING = YES;
				ENABLE_STRICT_OBJC_MSGSEND = YES;
				ENABLE_TESTABILITY = YES;
				ENABLE_USER_SCRIPT_SANDBOXING = YES;
				GCC_C_LANGUAGE_STANDARD = gnu99;
				GCC_DYNAMIC_NO_PIC = NO;
				GCC_ENABLE_OBJC_EXCEPTIONS = YES;
				GCC_NO_COMMON_BLOCKS = YES;
				GCC_OPTIMIZATION_LEVEL = 0;
				GCC_PREPROCESSOR_DEFINITIONS = (
					"DEBUG=1",
					"$(inherited)",
				);
				GCC_SYMBOLS_PRIVATE_EXTERN = NO;
				GCC_WARN_64_TO_32_BIT_CONVERSION = YES;
				GCC_WARN_ABOUT_RETURN_TYPE = YES_ERROR;
				GCC_WARN_UNDECLARED_SELECTOR = YES;
				GCC_WARN_UNINITIALIZED_AUTOS = YES;
				GCC_WARN_UNUSED_FUNCTION = YES;
				GCC_WARN_UNUSED_VARIABLE = YES;
				MACOSX_DEPLOYMENT_TARGET = 10.9;
				ONLY_ACTIVE_ARCH = YES;
				SDKROOT = macosx;
			};
			name = Debug;
		};
		8476422D189579CD00AFBE9C /* Release */ = {
			isa = XCBuildConfiguration;
			buildSettings = {
				ALWAYS_SEARCH_USER_PATHS = NO;
				CLANG_CXX_LANGUAGE_STANDARD = "gnu++0x";
				CLANG_CXX_LIBRARY = "libc++";
				CLANG_ENABLE_OBJC_ARC = YES;
				CLANG_WARN_BLOCK_CAPTURE_AUTORELEASING = YES;
				CLANG_WARN_BOOL_CONVERSION = YES;
				CLANG_WARN_COMMA = YES;
				CLANG_WARN_CONSTANT_CONVERSION = YES;
				CLANG_WARN_DEPRECATED_OBJC_IMPLEMENTATIONS = YES;
				CLANG_WARN_DIRECT_OBJC_ISA_USAGE = YES_ERROR;
				CLANG_WARN_EMPTY_BODY = YES;
				CLANG_WARN_ENUM_CONVERSION = YES;
				CLANG_WARN_INFINITE_RECURSION = YES;
				CLANG_WARN_INT_CONVERSION = YES;
				CLANG_WARN_NON_LITERAL_NULL_CONVERSION = YES;
				CLANG_WARN_OBJC_IMPLICIT_RETAIN_SELF = YES;
				CLANG_WARN_OBJC_LITERAL_CONVERSION = YES;
				CLANG_WARN_OBJC_ROOT_CLASS = YES_ERROR;
				CLANG_WARN_QUOTED_INCLUDE_IN_FRAMEWORK_HEADER = YES;
				CLANG_WARN_RANGE_LOOP_ANALYSIS = YES;
				CLANG_WARN_STRICT_PROTOTYPES = YES;
				CLANG_WARN_SUSPICIOUS_MOVE = YES;
				CLANG_WARN_UNREACHABLE_CODE = YES;
				CLANG_WARN__DUPLICATE_METHOD_MATCH = YES;
				COPY_PHASE_STRIP = YES;
				DEAD_CODE_STRIPPING = YES;
				DEBUG_INFORMATION_FORMAT = "dwarf-with-dsym";
				ENABLE_NS_ASSERTIONS = NO;
				ENABLE_STRICT_OBJC_MSGSEND = YES;
				ENABLE_USER_SCRIPT_SANDBOXING = YES;
				GCC_C_LANGUAGE_STANDARD = gnu99;
				GCC_ENABLE_OBJC_EXCEPTIONS = YES;
				GCC_NO_COMMON_BLOCKS = YES;
				GCC_WARN_64_TO_32_BIT_CONVERSION = YES;
				GCC_WARN_ABOUT_RETURN_TYPE = YES_ERROR;
				GCC_WARN_UNDECLARED_SELECTOR = YES;
				GCC_WARN_UNINITIALIZED_AUTOS = YES;
				GCC_WARN_UNUSED_FUNCTION = YES;
				GCC_WARN_UNUSED_VARIABLE = YES;
				MACOSX_DEPLOYMENT_TARGET = 10.9;
				SDKROOT = macosx;
			};
			name = Release;
		};
		8476422F189579CD00AFBE9C /* Debug */ = {
			isa = XCBuildConfiguration;
			buildSettings = {
				CLANG_CXX_LANGUAGE_STANDARD = "c++23";
				DEAD_CODE_STRIPPING = YES;
				FRAMEWORK_SEARCH_PATHS = "";
				HEADER_SEARCH_PATHS = "";
				LIBRARY_SEARCH_PATHS = (
					"$(inherited)",
					"$(PROJECT_DIR)",
					/opt/homebrew/lib,
					"$(PROJECT_DIR)/src",
					"$(PROJECT_DIR)/src/libpng/lib/x86_64",
					"$(PROJECT_DIR)/src/libz/lib/x86_64",
					"$(PROJECT_DIR)/src/libpng/lib/arm64",
					"$(PROJECT_DIR)/src/libz/lib/arm64",
				);
				MACOSX_DEPLOYMENT_TARGET = 11.0;
				PRODUCT_NAME = piXfont;
			};
			name = Debug;
		};
		84764230189579CD00AFBE9C /* Release */ = {
			isa = XCBuildConfiguration;
			buildSettings = {
				CLANG_CXX_LANGUAGE_STANDARD = "c++23";
				DEAD_CODE_STRIPPING = YES;
				FRAMEWORK_SEARCH_PATHS = "";
				HEADER_SEARCH_PATHS = "";
				LIBRARY_SEARCH_PATHS = (
					"$(inherited)",
					"$(PROJECT_DIR)",
					/opt/homebrew/lib,
					"$(PROJECT_DIR)/src",
					"$(PROJECT_DIR)/src/libpng/lib/x86_64",
					"$(PROJECT_DIR)/src/libz/lib/x86_64",
					"$(PROJECT_DIR)/src/libpng/lib/arm64",
					"$(PROJECT_DIR)/src/libz/lib/arm64",
				);
				MACOSX_DEPLOYMENT_TARGET = 11.0;
				PRODUCT_NAME = piXfont;
			};
			name = Release;
		};
/* End XCBuildConfiguration section */

/* Begin XCConfigurationList section */
		84764220189579CD00AFBE9C /* Build configuration list for PBXProject "piXfont" */ = {
			isa = XCConfigurationList;
			buildConfigurations = (
				8476422C189579CD00AFBE9C /* Debug */,
				8476422D189579CD00AFBE9C /* Release */,
			);
			defaultConfigurationIsVisible = 0;
			defaultConfigurationName = Release;
		};
		8476422E189579CD00AFBE9C /* Build configuration list for PBXNativeTarget "piXfont" */ = {
			isa = XCConfigurationList;
			buildConfigurations = (
				8476422F189579CD00AFBE9C /* Debug */,
				84764230189579CD00AFBE9C /* Release */,
			);
			defaultConfigurationIsVisible = 0;
			defaultConfigurationName = Release;
		};
/* End XCConfigurationList section */
	};
	rootObject = 8476421D189579CD00AFBE9C /* Project object */;
}
